// !$*UTF8*$!
{
	archiveVersion = 1;
	classes = {
	};
	objectVersion = 56;
	objects = {

/* Begin PBXBuildFile section */
		9D3E16942C1734BA00EAD9E7 /* ImageBootcamp.swift in Sources */ = {isa = PBXBuildFile; fileRef = 9D3E16932C1734BA00EAD9E7 /* ImageBootcamp.swift */; };
		9D7AD5AA2BFDFE21008C1E29 /* BootcampApp.swift in Sources */ = {isa = PBXBuildFile; fileRef = 9D7AD5A92BFDFE21008C1E29 /* BootcampApp.swift */; };
		9D7AD5AE2BFDFE23008C1E29 /* Assets.xcassets in Resources */ = {isa = PBXBuildFile; fileRef = 9D7AD5AD2BFDFE23008C1E29 /* Assets.xcassets */; };
		9D7AD5B12BFDFE23008C1E29 /* Preview Assets.xcassets in Resources */ = {isa = PBXBuildFile; fileRef = 9D7AD5B02BFDFE23008C1E29 /* Preview Assets.xcassets */; };
		9D7AD5B92BFDFE41008C1E29 /* PostsView.swift in Sources */ = {isa = PBXBuildFile; fileRef = 9D7AD5B82BFDFE41008C1E29 /* PostsView.swift */; };
		9D7AD5BB2BFDFE53008C1E29 /* PostsListViewModel.swift in Sources */ = {isa = PBXBuildFile; fileRef = 9D7AD5BA2BFDFE53008C1E29 /* PostsListViewModel.swift */; };
		9D7AD5BD2BFDFE5F008C1E29 /* PostModel.swift in Sources */ = {isa = PBXBuildFile; fileRef = 9D7AD5BC2BFDFE5F008C1E29 /* PostModel.swift */; };
		9D7AD5BF2BFDFE6E008C1E29 /* NetworkManager.swift in Sources */ = {isa = PBXBuildFile; fileRef = 9D7AD5BE2BFDFE6E008C1E29 /* NetworkManager.swift */; };
		9D7AD5C12BFDFE7D008C1E29 /* MockDataService.swift in Sources */ = {isa = PBXBuildFile; fileRef = 9D7AD5C02BFDFE7D008C1E29 /* MockDataService.swift */; };
		9D7AD5C32BFDFE88008C1E29 /* PostError.swift in Sources */ = {isa = PBXBuildFile; fileRef = 9D7AD5C22BFDFE88008C1E29 /* PostError.swift */; };
		9D7AD5C62BFF304D008C1E29 /* UITestingView.swift in Sources */ = {isa = PBXBuildFile; fileRef = 9D7AD5C52BFF304D008C1E29 /* UITestingView.swift */; };
		9D7AD5C82BFF3056008C1E29 /* UITestingViewModel.swift in Sources */ = {isa = PBXBuildFile; fileRef = 9D7AD5C72BFF3056008C1E29 /* UITestingViewModel.swift */; };
		9D7AD5CA2BFF3396008C1E29 /* SignedInHomeView.swift in Sources */ = {isa = PBXBuildFile; fileRef = 9D7AD5C92BFF3396008C1E29 /* SignedInHomeView.swift */; };
		9D7AD5DB2BFF384D008C1E29 /* UITestingView_UITests.swift in Sources */ = {isa = PBXBuildFile; fileRef = 9D7AD5DA2BFF384D008C1E29 /* UITestingView_UITests.swift */; };
		9DD8DBDD2C0F3F2D0069F350 /* TextDemo.swift in Sources */ = {isa = PBXBuildFile; fileRef = 9DD8DBDC2C0F3F2D0069F350 /* TextDemo.swift */; };
		9DD8DBDF2C0F45D70069F350 /* Shapes.swift in Sources */ = {isa = PBXBuildFile; fileRef = 9DD8DBDE2C0F45D70069F350 /* Shapes.swift */; };
		9DD8DBE22C0F4C7A0069F350 /* Colors.swift in Sources */ = {isa = PBXBuildFile; fileRef = 9DD8DBE12C0F4C7A0069F350 /* Colors.swift */; };
/* End PBXBuildFile section */

/* Begin PBXContainerItemProxy section */
		9D7AD5D52BFF3665008C1E29 /* PBXContainerItemProxy */ = {
			isa = PBXContainerItemProxy;
			containerPortal = 9D7AD59E2BFDFE21008C1E29 /* Project object */;
			proxyType = 1;
			remoteGlobalIDString = 9D7AD5A52BFDFE21008C1E29;
			remoteInfo = Bootcamp;
		};
/* End PBXContainerItemProxy section */

/* Begin PBXFileReference section */
		9D3E16932C1734BA00EAD9E7 /* ImageBootcamp.swift */ = {isa = PBXFileReference; lastKnownFileType = sourcecode.swift; path = ImageBootcamp.swift; sourceTree = "<group>"; };
		9D7AD5A62BFDFE21008C1E29 /* Bootcamp.app */ = {isa = PBXFileReference; explicitFileType = wrapper.application; includeInIndex = 0; path = Bootcamp.app; sourceTree = BUILT_PRODUCTS_DIR; };
		9D7AD5A92BFDFE21008C1E29 /* BootcampApp.swift */ = {isa = PBXFileReference; lastKnownFileType = sourcecode.swift; path = BootcampApp.swift; sourceTree = "<group>"; };
		9D7AD5AD2BFDFE23008C1E29 /* Assets.xcassets */ = {isa = PBXFileReference; lastKnownFileType = folder.assetcatalog; path = Assets.xcassets; sourceTree = "<group>"; };
		9D7AD5B02BFDFE23008C1E29 /* Preview Assets.xcassets */ = {isa = PBXFileReference; lastKnownFileType = folder.assetcatalog; path = "Preview Assets.xcassets"; sourceTree = "<group>"; };
		9D7AD5B82BFDFE41008C1E29 /* PostsView.swift */ = {isa = PBXFileReference; lastKnownFileType = sourcecode.swift; path = PostsView.swift; sourceTree = "<group>"; };
		9D7AD5BA2BFDFE53008C1E29 /* PostsListViewModel.swift */ = {isa = PBXFileReference; lastKnownFileType = sourcecode.swift; path = PostsListViewModel.swift; sourceTree = "<group>"; };
		9D7AD5BC2BFDFE5F008C1E29 /* PostModel.swift */ = {isa = PBXFileReference; lastKnownFileType = sourcecode.swift; path = PostModel.swift; sourceTree = "<group>"; };
		9D7AD5BE2BFDFE6E008C1E29 /* NetworkManager.swift */ = {isa = PBXFileReference; lastKnownFileType = sourcecode.swift; path = NetworkManager.swift; sourceTree = "<group>"; };
		9D7AD5C02BFDFE7D008C1E29 /* MockDataService.swift */ = {isa = PBXFileReference; lastKnownFileType = sourcecode.swift; path = MockDataService.swift; sourceTree = "<group>"; };
		9D7AD5C22BFDFE88008C1E29 /* PostError.swift */ = {isa = PBXFileReference; lastKnownFileType = sourcecode.swift; path = PostError.swift; sourceTree = "<group>"; };
		9D7AD5C52BFF304D008C1E29 /* UITestingView.swift */ = {isa = PBXFileReference; lastKnownFileType = sourcecode.swift; path = UITestingView.swift; sourceTree = "<group>"; };
		9D7AD5C72BFF3056008C1E29 /* UITestingViewModel.swift */ = {isa = PBXFileReference; lastKnownFileType = sourcecode.swift; path = UITestingViewModel.swift; sourceTree = "<group>"; };
		9D7AD5C92BFF3396008C1E29 /* SignedInHomeView.swift */ = {isa = PBXFileReference; lastKnownFileType = sourcecode.swift; path = SignedInHomeView.swift; sourceTree = "<group>"; };
		9D7AD5CF2BFF3665008C1E29 /* BootcampUI_Tests.xctest */ = {isa = PBXFileReference; explicitFileType = wrapper.cfbundle; includeInIndex = 0; path = BootcampUI_Tests.xctest; sourceTree = BUILT_PRODUCTS_DIR; };
		9D7AD5DA2BFF384D008C1E29 /* UITestingView_UITests.swift */ = {isa = PBXFileReference; lastKnownFileType = sourcecode.swift; path = UITestingView_UITests.swift; sourceTree = "<group>"; };
		9DD8DBDC2C0F3F2D0069F350 /* TextDemo.swift */ = {isa = PBXFileReference; lastKnownFileType = sourcecode.swift; path = TextDemo.swift; sourceTree = "<group>"; };
		9DD8DBDE2C0F45D70069F350 /* Shapes.swift */ = {isa = PBXFileReference; lastKnownFileType = sourcecode.swift; path = Shapes.swift; sourceTree = "<group>"; };
		9DD8DBE12C0F4C7A0069F350 /* Colors.swift */ = {isa = PBXFileReference; lastKnownFileType = sourcecode.swift; path = Colors.swift; sourceTree = "<group>"; };
/* End PBXFileReference section */

/* Begin PBXFrameworksBuildPhase section */
		9D7AD5A32BFDFE21008C1E29 /* Frameworks */ = {
			isa = PBXFrameworksBuildPhase;
			buildActionMask = 2147483647;
			files = (
			);
			runOnlyForDeploymentPostprocessing = 0;
		};
		9D7AD5CC2BFF3665008C1E29 /* Frameworks */ = {
			isa = PBXFrameworksBuildPhase;
			buildActionMask = 2147483647;
			files = (
			);
			runOnlyForDeploymentPostprocessing = 0;
		};
/* End PBXFrameworksBuildPhase section */

/* Begin PBXGroup section */
		9D7AD59D2BFDFE21008C1E29 = {
			isa = PBXGroup;
			children = (
				9D7AD5A82BFDFE21008C1E29 /* Bootcamp */,
				9D7AD5D02BFF3665008C1E29 /* BootcampUI_Tests */,
				9D7AD5A72BFDFE21008C1E29 /* Products */,
			);
			sourceTree = "<group>";
		};
		9D7AD5A72BFDFE21008C1E29 /* Products */ = {
			isa = PBXGroup;
			children = (
				9D7AD5A62BFDFE21008C1E29 /* Bootcamp.app */,
				9D7AD5CF2BFF3665008C1E29 /* BootcampUI_Tests.xctest */,
			);
			name = Products;
			sourceTree = "<group>";
		};
		9D7AD5A82BFDFE21008C1E29 /* Bootcamp */ = {
			isa = PBXGroup;
			children = (
				9D7AD5A92BFDFE21008C1E29 /* BootcampApp.swift */,
				9DD8DBE02C0F45E00069F350 /* Basic Components */,
				9D7AD5B72BFDFE2F008C1E29 /* DependencyInjection */,
				9D7AD5C42BFF302B008C1E29 /* UITests */,
				9D7AD5AD2BFDFE23008C1E29 /* Assets.xcassets */,
				9D7AD5AF2BFDFE23008C1E29 /* Preview Content */,
			);
			path = Bootcamp;
			sourceTree = "<group>";
		};
		9D7AD5AF2BFDFE23008C1E29 /* Preview Content */ = {
			isa = PBXGroup;
			children = (
				9D7AD5B02BFDFE23008C1E29 /* Preview Assets.xcassets */,
			);
			path = "Preview Content";
			sourceTree = "<group>";
		};
		9D7AD5B72BFDFE2F008C1E29 /* DependencyInjection */ = {
			isa = PBXGroup;
			children = (
				9D7AD5B82BFDFE41008C1E29 /* PostsView.swift */,
				9D7AD5BA2BFDFE53008C1E29 /* PostsListViewModel.swift */,
				9D7AD5BC2BFDFE5F008C1E29 /* PostModel.swift */,
				9D7AD5BE2BFDFE6E008C1E29 /* NetworkManager.swift */,
				9D7AD5C02BFDFE7D008C1E29 /* MockDataService.swift */,
				9D7AD5C22BFDFE88008C1E29 /* PostError.swift */,
			);
			path = DependencyInjection;
			sourceTree = "<group>";
		};
		9D7AD5C42BFF302B008C1E29 /* UITests */ = {
			isa = PBXGroup;
			children = (
				9D7AD5C52BFF304D008C1E29 /* UITestingView.swift */,
				9D7AD5C72BFF3056008C1E29 /* UITestingViewModel.swift */,
				9D7AD5C92BFF3396008C1E29 /* SignedInHomeView.swift */,
			);
			path = UITests;
			sourceTree = "<group>";
		};
		9D7AD5D02BFF3665008C1E29 /* BootcampUI_Tests */ = {
			isa = PBXGroup;
			children = (
				9D7AD5DA2BFF384D008C1E29 /* UITestingView_UITests.swift */,
			);
			path = BootcampUI_Tests;
			sourceTree = "<group>";
		};
		9DD8DBE02C0F45E00069F350 /* Basic Components */ = {
			isa = PBXGroup;
			children = (
				9DD8DBDC2C0F3F2D0069F350 /* TextDemo.swift */,
				9DD8DBDE2C0F45D70069F350 /* Shapes.swift */,
				9DD8DBE12C0F4C7A0069F350 /* Colors.swift */,
				9D3E16932C1734BA00EAD9E7 /* ImageBootcamp.swift */,
			);
			path = "Basic Components";
			sourceTree = "<group>";
		};
/* End PBXGroup section */

/* Begin PBXNativeTarget section */
		9D7AD5A52BFDFE21008C1E29 /* Bootcamp */ = {
			isa = PBXNativeTarget;
			buildConfigurationList = 9D7AD5B42BFDFE23008C1E29 /* Build configuration list for PBXNativeTarget "Bootcamp" */;
			buildPhases = (
				9D7AD5A22BFDFE21008C1E29 /* Sources */,
				9D7AD5A32BFDFE21008C1E29 /* Frameworks */,
				9D7AD5A42BFDFE21008C1E29 /* Resources */,
			);
			buildRules = (
			);
			dependencies = (
			);
			name = Bootcamp;
			productName = Bootcamp;
			productReference = 9D7AD5A62BFDFE21008C1E29 /* Bootcamp.app */;
			productType = "com.apple.product-type.application";
		};
		9D7AD5CE2BFF3665008C1E29 /* BootcampUI_Tests */ = {
			isa = PBXNativeTarget;
			buildConfigurationList = 9D7AD5D72BFF3665008C1E29 /* Build configuration list for PBXNativeTarget "BootcampUI_Tests" */;
			buildPhases = (
				9D7AD5CB2BFF3665008C1E29 /* Sources */,
				9D7AD5CC2BFF3665008C1E29 /* Frameworks */,
				9D7AD5CD2BFF3665008C1E29 /* Resources */,
			);
			buildRules = (
			);
			dependencies = (
				9D7AD5D62BFF3665008C1E29 /* PBXTargetDependency */,
			);
			name = BootcampUI_Tests;
			productName = BootcampUI_Tests;
			productReference = 9D7AD5CF2BFF3665008C1E29 /* BootcampUI_Tests.xctest */;
			productType = "com.apple.product-type.bundle.ui-testing";
		};
/* End PBXNativeTarget section */

/* Begin PBXProject section */
		9D7AD59E2BFDFE21008C1E29 /* Project object */ = {
			isa = PBXProject;
			attributes = {
				BuildIndependentTargetsInParallel = 1;
				LastSwiftUpdateCheck = 1540;
				LastUpgradeCheck = 1540;
				TargetAttributes = {
					9D7AD5A52BFDFE21008C1E29 = {
						CreatedOnToolsVersion = 15.4;
					};
					9D7AD5CE2BFF3665008C1E29 = {
						CreatedOnToolsVersion = 15.4;
						TestTargetID = 9D7AD5A52BFDFE21008C1E29;
					};
				};
			};
			buildConfigurationList = 9D7AD5A12BFDFE21008C1E29 /* Build configuration list for PBXProject "Bootcamp" */;
			compatibilityVersion = "Xcode 14.0";
			developmentRegion = en;
			hasScannedForEncodings = 0;
			knownRegions = (
				en,
				Base,
			);
			mainGroup = 9D7AD59D2BFDFE21008C1E29;
			productRefGroup = 9D7AD5A72BFDFE21008C1E29 /* Products */;
			projectDirPath = "";
			projectRoot = "";
			targets = (
				9D7AD5A52BFDFE21008C1E29 /* Bootcamp */,
				9D7AD5CE2BFF3665008C1E29 /* BootcampUI_Tests */,
			);
		};
/* End PBXProject section */

/* Begin PBXResourcesBuildPhase section */
		9D7AD5A42BFDFE21008C1E29 /* Resources */ = {
			isa = PBXResourcesBuildPhase;
			buildActionMask = 2147483647;
			files = (
				9D7AD5B12BFDFE23008C1E29 /* Preview Assets.xcassets in Resources */,
				9D7AD5AE2BFDFE23008C1E29 /* Assets.xcassets in Resources */,
			);
			runOnlyForDeploymentPostprocessing = 0;
		};
		9D7AD5CD2BFF3665008C1E29 /* Resources */ = {
			isa = PBXResourcesBuildPhase;
			buildActionMask = 2147483647;
			files = (
			);
			runOnlyForDeploymentPostprocessing = 0;
		};
/* End PBXResourcesBuildPhase section */

/* Begin PBXSourcesBuildPhase section */
		9D7AD5A22BFDFE21008C1E29 /* Sources */ = {
			isa = PBXSourcesBuildPhase;
			buildActionMask = 2147483647;
			files = (
				9D7AD5BF2BFDFE6E008C1E29 /* NetworkManager.swift in Sources */,
				9D7AD5BB2BFDFE53008C1E29 /* PostsListViewModel.swift in Sources */,
				9D7AD5C32BFDFE88008C1E29 /* PostError.swift in Sources */,
				9D7AD5CA2BFF3396008C1E29 /* SignedInHomeView.swift in Sources */,
				9D7AD5C82BFF3056008C1E29 /* UITestingViewModel.swift in Sources */,
				9D7AD5C62BFF304D008C1E29 /* UITestingView.swift in Sources */,
				9D7AD5BD2BFDFE5F008C1E29 /* PostModel.swift in Sources */,
				9D3E16942C1734BA00EAD9E7 /* ImageBootcamp.swift in Sources */,
				9D7AD5AA2BFDFE21008C1E29 /* BootcampApp.swift in Sources */,
				9DD8DBE22C0F4C7A0069F350 /* Colors.swift in Sources */,
				9D7AD5C12BFDFE7D008C1E29 /* MockDataService.swift in Sources */,
				9D7AD5B92BFDFE41008C1E29 /* PostsView.swift in Sources */,
				9DD8DBDD2C0F3F2D0069F350 /* TextDemo.swift in Sources */,
				9DD8DBDF2C0F45D70069F350 /* Shapes.swift in Sources */,
			);
			runOnlyForDeploymentPostprocessing = 0;
		};
		9D7AD5CB2BFF3665008C1E29 /* Sources */ = {
			isa = PBXSourcesBuildPhase;
			buildActionMask = 2147483647;
			files = (
				9D7AD5DB2BFF384D008C1E29 /* UITestingView_UITests.swift in Sources */,
			);
			runOnlyForDeploymentPostprocessing = 0;
		};
/* End PBXSourcesBuildPhase section */

/* Begin PBXTargetDependency section */
		9D7AD5D62BFF3665008C1E29 /* PBXTargetDependency */ = {
			isa = PBXTargetDependency;
			target = 9D7AD5A52BFDFE21008C1E29 /* Bootcamp */;
			targetProxy = 9D7AD5D52BFF3665008C1E29 /* PBXContainerItemProxy */;
		};
/* End PBXTargetDependency section */

/* Begin XCBuildConfiguration section */
		9D7AD5B22BFDFE23008C1E29 /* Debug */ = {
			isa = XCBuildConfiguration;
			buildSettings = {
				ALWAYS_SEARCH_USER_PATHS = NO;
				ASSETCATALOG_COMPILER_GENERATE_SWIFT_ASSET_SYMBOL_EXTENSIONS = YES;
				CLANG_ANALYZER_NONNULL = YES;
				CLANG_ANALYZER_NUMBER_OBJECT_CONVERSION = YES_AGGRESSIVE;
				CLANG_CXX_LANGUAGE_STANDARD = "gnu++20";
				CLANG_ENABLE_MODULES = YES;
				CLANG_ENABLE_OBJC_ARC = YES;
				CLANG_ENABLE_OBJC_WEAK = YES;
				CLANG_WARN_BLOCK_CAPTURE_AUTORELEASING = YES;
				CLANG_WARN_BOOL_CONVERSION = YES;
				CLANG_WARN_COMMA = YES;
				CLANG_WARN_CONSTANT_CONVERSION = YES;
				CLANG_WARN_DEPRECATED_OBJC_IMPLEMENTATIONS = YES;
				CLANG_WARN_DIRECT_OBJC_ISA_USAGE = YES_ERROR;
				CLANG_WARN_DOCUMENTATION_COMMENTS = YES;
				CLANG_WARN_EMPTY_BODY = YES;
				CLANG_WARN_ENUM_CONVERSION = YES;
				CLANG_WARN_INFINITE_RECURSION = YES;
				CLANG_WARN_INT_CONVERSION = YES;
				CLANG_WARN_NON_LITERAL_NULL_CONVERSION = YES;
				CLANG_WARN_OBJC_IMPLICIT_RETAIN_SELF = YES;
				CLANG_WARN_OBJC_LITERAL_CONVERSION = YES;
				CLANG_WARN_OBJC_ROOT_CLASS = YES_ERROR;
				CLANG_WARN_QUOTED_INCLUDE_IN_FRAMEWORK_HEADER = YES;
				CLANG_WARN_RANGE_LOOP_ANALYSIS = YES;
				CLANG_WARN_STRICT_PROTOTYPES = YES;
				CLANG_WARN_SUSPICIOUS_MOVE = YES;
				CLANG_WARN_UNGUARDED_AVAILABILITY = YES_AGGRESSIVE;
				CLANG_WARN_UNREACHABLE_CODE = YES;
				CLANG_WARN__DUPLICATE_METHOD_MATCH = YES;
				COPY_PHASE_STRIP = NO;
				DEBUG_INFORMATION_FORMAT = dwarf;
				ENABLE_STRICT_OBJC_MSGSEND = YES;
				ENABLE_TESTABILITY = YES;
				ENABLE_USER_SCRIPT_SANDBOXING = YES;
				GCC_C_LANGUAGE_STANDARD = gnu17;
				GCC_DYNAMIC_NO_PIC = NO;
				GCC_NO_COMMON_BLOCKS = YES;
				GCC_OPTIMIZATION_LEVEL = 0;
				GCC_PREPROCESSOR_DEFINITIONS = (
					"DEBUG=1",
					"$(inherited)",
				);
				GCC_WARN_64_TO_32_BIT_CONVERSION = YES;
				GCC_WARN_ABOUT_RETURN_TYPE = YES_ERROR;
				GCC_WARN_UNDECLARED_SELECTOR = YES;
				GCC_WARN_UNINITIALIZED_AUTOS = YES_AGGRESSIVE;
				GCC_WARN_UNUSED_FUNCTION = YES;
				GCC_WARN_UNUSED_VARIABLE = YES;
				IPHONEOS_DEPLOYMENT_TARGET = 17.5;
				LOCALIZATION_PREFERS_STRING_CATALOGS = YES;
				MTL_ENABLE_DEBUG_INFO = INCLUDE_SOURCE;
				MTL_FAST_MATH = YES;
				ONLY_ACTIVE_ARCH = YES;
				SDKROOT = iphoneos;
				SWIFT_ACTIVE_COMPILATION_CONDITIONS = "DEBUG $(inherited)";
				SWIFT_OPTIMIZATION_LEVEL = "-Onone";
			};
			name = Debug;
		};
		9D7AD5B32BFDFE23008C1E29 /* Release */ = {
			isa = XCBuildConfiguration;
			buildSettings = {
				ALWAYS_SEARCH_USER_PATHS = NO;
				ASSETCATALOG_COMPILER_GENERATE_SWIFT_ASSET_SYMBOL_EXTENSIONS = YES;
				CLANG_ANALYZER_NONNULL = YES;
				CLANG_ANALYZER_NUMBER_OBJECT_CONVERSION = YES_AGGRESSIVE;
				CLANG_CXX_LANGUAGE_STANDARD = "gnu++20";
				CLANG_ENABLE_MODULES = YES;
				CLANG_ENABLE_OBJC_ARC = YES;
				CLANG_ENABLE_OBJC_WEAK = YES;
				CLANG_WARN_BLOCK_CAPTURE_AUTORELEASING = YES;
				CLANG_WARN_BOOL_CONVERSION = YES;
				CLANG_WARN_COMMA = YES;
				CLANG_WARN_CONSTANT_CONVERSION = YES;
				CLANG_WARN_DEPRECATED_OBJC_IMPLEMENTATIONS = YES;
				CLANG_WARN_DIRECT_OBJC_ISA_USAGE = YES_ERROR;
				CLANG_WARN_DOCUMENTATION_COMMENTS = YES;
				CLANG_WARN_EMPTY_BODY = YES;
				CLANG_WARN_ENUM_CONVERSION = YES;
				CLANG_WARN_INFINITE_RECURSION = YES;
				CLANG_WARN_INT_CONVERSION = YES;
				CLANG_WARN_NON_LITERAL_NULL_CONVERSION = YES;
				CLANG_WARN_OBJC_IMPLICIT_RETAIN_SELF = YES;
				CLANG_WARN_OBJC_LITERAL_CONVERSION = YES;
				CLANG_WARN_OBJC_ROOT_CLASS = YES_ERROR;
				CLANG_WARN_QUOTED_INCLUDE_IN_FRAMEWORK_HEADER = YES;
				CLANG_WARN_RANGE_LOOP_ANALYSIS = YES;
				CLANG_WARN_STRICT_PROTOTYPES = YES;
				CLANG_WARN_SUSPICIOUS_MOVE = YES;
				CLANG_WARN_UNGUARDED_AVAILABILITY = YES_AGGRESSIVE;
				CLANG_WARN_UNREACHABLE_CODE = YES;
				CLANG_WARN__DUPLICATE_METHOD_MATCH = YES;
				COPY_PHASE_STRIP = NO;
				DEBUG_INFORMATION_FORMAT = "dwarf-with-dsym";
				ENABLE_NS_ASSERTIONS = NO;
				ENABLE_STRICT_OBJC_MSGSEND = YES;
				ENABLE_USER_SCRIPT_SANDBOXING = YES;
				GCC_C_LANGUAGE_STANDARD = gnu17;
				GCC_NO_COMMON_BLOCKS = YES;
				GCC_WARN_64_TO_32_BIT_CONVERSION = YES;
				GCC_WARN_ABOUT_RETURN_TYPE = YES_ERROR;
				GCC_WARN_UNDECLARED_SELECTOR = YES;
				GCC_WARN_UNINITIALIZED_AUTOS = YES_AGGRESSIVE;
				GCC_WARN_UNUSED_FUNCTION = YES;
				GCC_WARN_UNUSED_VARIABLE = YES;
				IPHONEOS_DEPLOYMENT_TARGET = 17.5;
				LOCALIZATION_PREFERS_STRING_CATALOGS = YES;
				MTL_ENABLE_DEBUG_INFO = NO;
				MTL_FAST_MATH = YES;
				SDKROOT = iphoneos;
				SWIFT_COMPILATION_MODE = wholemodule;
				VALIDATE_PRODUCT = YES;
			};
			name = Release;
		};
		9D7AD5B52BFDFE23008C1E29 /* Debug */ = {
			isa = XCBuildConfiguration;
			buildSettings = {
				ASSETCATALOG_COMPILER_APPICON_NAME = AppIcon;
				ASSETCATALOG_COMPILER_GLOBAL_ACCENT_COLOR_NAME = AccentColor;
				CODE_SIGN_STYLE = Automatic;
				CURRENT_PROJECT_VERSION = 1;
				DEVELOPMENT_ASSET_PATHS = "\"Bootcamp/Preview Content\"";
				DEVELOPMENT_TEAM = 6JV3FFU9KJ;
				ENABLE_PREVIEWS = YES;
				GENERATE_INFOPLIST_FILE = YES;
				INFOPLIST_KEY_UIApplicationSceneManifest_Generation = YES;
				INFOPLIST_KEY_UIApplicationSupportsIndirectInputEvents = YES;
				INFOPLIST_KEY_UILaunchScreen_Generation = YES;
				INFOPLIST_KEY_UISupportedInterfaceOrientations_iPad = "UIInterfaceOrientationPortrait UIInterfaceOrientationPortraitUpsideDown UIInterfaceOrientationLandscapeLeft UIInterfaceOrientationLandscapeRight";
				INFOPLIST_KEY_UISupportedInterfaceOrientations_iPhone = "UIInterfaceOrientationPortrait UIInterfaceOrientationLandscapeLeft UIInterfaceOrientationLandscapeRight";
				LD_RUNPATH_SEARCH_PATHS = (
					"$(inherited)",
					"@executable_path/Frameworks",
				);
				MARKETING_VERSION = 1.0;
				PRODUCT_BUNDLE_IDENTIFIER = com.mihai.constantin.Bootcamp;
				PRODUCT_NAME = "$(TARGET_NAME)";
				SWIFT_EMIT_LOC_STRINGS = YES;
				SWIFT_VERSION = 5.0;
				TARGETED_DEVICE_FAMILY = "1,2";
			};
			name = Debug;
		};
		9D7AD5B62BFDFE23008C1E29 /* Release */ = {
			isa = XCBuildConfiguration;
			buildSettings = {
				ASSETCATALOG_COMPILER_APPICON_NAME = AppIcon;
				ASSETCATALOG_COMPILER_GLOBAL_ACCENT_COLOR_NAME = AccentColor;
				CODE_SIGN_STYLE = Automatic;
				CURRENT_PROJECT_VERSION = 1;
				DEVELOPMENT_ASSET_PATHS = "\"Bootcamp/Preview Content\"";
				DEVELOPMENT_TEAM = 6JV3FFU9KJ;
				ENABLE_PREVIEWS = YES;
				GENERATE_INFOPLIST_FILE = YES;
				INFOPLIST_KEY_UIApplicationSceneManifest_Generation = YES;
				INFOPLIST_KEY_UIApplicationSupportsIndirectInputEvents = YES;
				INFOPLIST_KEY_UILaunchScreen_Generation = YES;
				INFOPLIST_KEY_UISupportedInterfaceOrientations_iPad = "UIInterfaceOrientationPortrait UIInterfaceOrientationPortraitUpsideDown UIInterfaceOrientationLandscapeLeft UIInterfaceOrientationLandscapeRight";
				INFOPLIST_KEY_UISupportedInterfaceOrientations_iPhone = "UIInterfaceOrientationPortrait UIInterfaceOrientationLandscapeLeft UIInterfaceOrientationLandscapeRight";
				LD_RUNPATH_SEARCH_PATHS = (
					"$(inherited)",
					"@executable_path/Frameworks",
				);
				MARKETING_VERSION = 1.0;
				PRODUCT_BUNDLE_IDENTIFIER = com.mihai.constantin.Bootcamp;
				PRODUCT_NAME = "$(TARGET_NAME)";
				SWIFT_EMIT_LOC_STRINGS = YES;
				SWIFT_VERSION = 5.0;
				TARGETED_DEVICE_FAMILY = "1,2";
			};
			name = Release;
		};
		9D7AD5D82BFF3665008C1E29 /* Debug */ = {
			isa = XCBuildConfiguration;
			buildSettings = {
				CODE_SIGN_STYLE = Automatic;
				CURRENT_PROJECT_VERSION = 1;
				DEVELOPMENT_TEAM = 6JV3FFU9KJ;
				GENERATE_INFOPLIST_FILE = YES;
				MARKETING_VERSION = 1.0;
				PRODUCT_BUNDLE_IDENTIFIER = "com.mihai.constantin.BootcampUI-Tests";
				PRODUCT_NAME = "$(TARGET_NAME)";
				SWIFT_EMIT_LOC_STRINGS = NO;
				SWIFT_VERSION = 5.0;
				TARGETED_DEVICE_FAMILY = "1,2";
				TEST_TARGET_NAME = Bootcamp;
			};
			name = Debug;
		};
		9D7AD5D92BFF3665008C1E29 /* Release */ = {
			isa = XCBuildConfiguration;
			buildSettings = {
				CODE_SIGN_STYLE = Automatic;
				CURRENT_PROJECT_VERSION = 1;
				DEVELOPMENT_TEAM = 6JV3FFU9KJ;
				GENERATE_INFOPLIST_FILE = YES;
				MARKETING_VERSION = 1.0;
				PRODUCT_BUNDLE_IDENTIFIER = "com.mihai.constantin.BootcampUI-Tests";
				PRODUCT_NAME = "$(TARGET_NAME)";
				SWIFT_EMIT_LOC_STRINGS = NO;
				SWIFT_VERSION = 5.0;
				TARGETED_DEVICE_FAMILY = "1,2";
				TEST_TARGET_NAME = Bootcamp;
			};
			name = Release;
		};
/* End XCBuildConfiguration section */

/* Begin XCConfigurationList section */
		9D7AD5A12BFDFE21008C1E29 /* Build configuration list for PBXProject "Bootcamp" */ = {
			isa = XCConfigurationList;
			buildConfigurations = (
				9D7AD5B22BFDFE23008C1E29 /* Debug */,
				9D7AD5B32BFDFE23008C1E29 /* Release */,
			);
			defaultConfigurationIsVisible = 0;
			defaultConfigurationName = Release;
		};
		9D7AD5B42BFDFE23008C1E29 /* Build configuration list for PBXNativeTarget "Bootcamp" */ = {
			isa = XCConfigurationList;
			buildConfigurations = (
				9D7AD5B52BFDFE23008C1E29 /* Debug */,
				9D7AD5B62BFDFE23008C1E29 /* Release */,
			);
			defaultConfigurationIsVisible = 0;
			defaultConfigurationName = Release;
		};
		9D7AD5D72BFF3665008C1E29 /* Build configuration list for PBXNativeTarget "BootcampUI_Tests" */ = {
			isa = XCConfigurationList;
			buildConfigurations = (
				9D7AD5D82BFF3665008C1E29 /* Debug */,
				9D7AD5D92BFF3665008C1E29 /* Release */,
			);
			defaultConfigurationIsVisible = 0;
			defaultConfigurationName = Release;
		};
/* End XCConfigurationList section */
	};
	rootObject = 9D7AD59E2BFDFE21008C1E29 /* Project object */;
}
