// !$*UTF8*$!
{
	archiveVersion = 1;
	classes = {
	};
	objectVersion = 56;
	objects = {

/* Begin PBXBuildFile section */
		9D8557EA2BD9002A00417D45 /* CustomFontDemoApp.swift in Sources */ = {isa = PBXBuildFile; fileRef = 9D8557E92BD9002A00417D45 /* CustomFontDemoApp.swift */; };
		9D8557EC2BD9002A00417D45 /* ContentView.swift in Sources */ = {isa = PBXBuildFile; fileRef = 9D8557EB2BD9002A00417D45 /* ContentView.swift */; };
		9D8557EE2BD9002D00417D45 /* Assets.xcassets in Resources */ = {isa = PBXBuildFile; fileRef = 9D8557ED2BD9002D00417D45 /* Assets.xcassets */; };
		9D8557F12BD9002D00417D45 /* Preview Assets.xcassets in Resources */ = {isa = PBXBuildFile; fileRef = 9D8557F02BD9002D00417D45 /* Preview Assets.xcassets */; };
		9D85580A2BD9090E00417D45 /* Fonds.swift in Sources */ = {isa = PBXBuildFile; fileRef = 9D8558092BD9090E00417D45 /* Fonds.swift */; };
		9D85580D2BD9381100417D45 /* TextStyle.swift in Sources */ = {isa = PBXBuildFile; fileRef = 9D85580C2BD9381100417D45 /* TextStyle.swift */; };
		9D85580F2BD93B6A00417D45 /* DetailsView.swift in Sources */ = {isa = PBXBuildFile; fileRef = 9D85580E2BD93B6A00417D45 /* DetailsView.swift */; };
		9D8558112BD947D700417D45 /* PrimaryButtonStyle.swift in Sources */ = {isa = PBXBuildFile; fileRef = 9D8558102BD947D700417D45 /* PrimaryButtonStyle.swift */; };
		9D8558132BD94BF900417D45 /* Theme.swift in Sources */ = {isa = PBXBuildFile; fileRef = 9D8558122BD94BF900417D45 /* Theme.swift */; };
		9D8558152BDA7B1200417D45 /* TextFieldStyle.swift in Sources */ = {isa = PBXBuildFile; fileRef = 9D8558142BDA7B1200417D45 /* TextFieldStyle.swift */; };
		9D8558172BDA825B00417D45 /* myView.swift in Sources */ = {isa = PBXBuildFile; fileRef = 9D8558162BDA825B00417D45 /* myView.swift */; };
/* End PBXBuildFile section */

/* Begin PBXFileReference section */
		9D8557E62BD9002A00417D45 /* CustomFontDemo.app */ = {isa = PBXFileReference; explicitFileType = wrapper.application; includeInIndex = 0; path = CustomFontDemo.app; sourceTree = BUILT_PRODUCTS_DIR; };
		9D8557E92BD9002A00417D45 /* CustomFontDemoApp.swift */ = {isa = PBXFileReference; lastKnownFileType = sourcecode.swift; path = CustomFontDemoApp.swift; sourceTree = "<group>"; };
		9D8557EB2BD9002A00417D45 /* ContentView.swift */ = {isa = PBXFileReference; lastKnownFileType = sourcecode.swift; path = ContentView.swift; sourceTree = "<group>"; };
		9D8557ED2BD9002D00417D45 /* Assets.xcassets */ = {isa = PBXFileReference; lastKnownFileType = folder.assetcatalog; path = Assets.xcassets; sourceTree = "<group>"; };
		9D8557F02BD9002D00417D45 /* Preview Assets.xcassets */ = {isa = PBXFileReference; lastKnownFileType = folder.assetcatalog; path = "Preview Assets.xcassets"; sourceTree = "<group>"; };
		9D8557FA2BD900A200417D45 /* Info.plist */ = {isa = PBXFileReference; lastKnownFileType = text.plist; path = Info.plist; sourceTree = "<group>"; };
		9D8557FC2BD905DD00417D45 /* Papyrus.ttc */ = {isa = PBXFileReference; lastKnownFileType = file; path = Papyrus.ttc; sourceTree = "<group>"; };
		9D8558002BD9075000417D45 /* Savoye LET.ttc */ = {isa = PBXFileReference; lastKnownFileType = file; path = "Savoye LET.ttc"; sourceTree = "<group>"; };
		9D8558082BD9085300417D45 /* Optima.ttc */ = {isa = PBXFileReference; lastKnownFileType = file; path = Optima.ttc; sourceTree = "<group>"; };
		9D8558092BD9090E00417D45 /* Fonds.swift */ = {isa = PBXFileReference; lastKnownFileType = sourcecode.swift; path = Fonds.swift; sourceTree = "<group>"; };
		9D85580C2BD9381100417D45 /* TextStyle.swift */ = {isa = PBXFileReference; lastKnownFileType = sourcecode.swift; path = TextStyle.swift; sourceTree = "<group>"; };
		9D85580E2BD93B6A00417D45 /* DetailsView.swift */ = {isa = PBXFileReference; lastKnownFileType = sourcecode.swift; path = DetailsView.swift; sourceTree = "<group>"; };
		9D8558102BD947D700417D45 /* PrimaryButtonStyle.swift */ = {isa = PBXFileReference; lastKnownFileType = sourcecode.swift; path = PrimaryButtonStyle.swift; sourceTree = "<group>"; };
		9D8558122BD94BF900417D45 /* Theme.swift */ = {isa = PBXFileReference; lastKnownFileType = sourcecode.swift; path = Theme.swift; sourceTree = "<group>"; };
		9D8558142BDA7B1200417D45 /* TextFieldStyle.swift */ = {isa = PBXFileReference; lastKnownFileType = sourcecode.swift; path = TextFieldStyle.swift; sourceTree = "<group>"; };
		9D8558162BDA825B00417D45 /* myView.swift */ = {isa = PBXFileReference; lastKnownFileType = sourcecode.swift; path = myView.swift; sourceTree = "<group>"; };
/* End PBXFileReference section */

/* Begin PBXFrameworksBuildPhase section */
		9D8557E32BD9002A00417D45 /* Frameworks */ = {
			isa = PBXFrameworksBuildPhase;
			buildActionMask = 2147483647;
			files = (
			);
			runOnlyForDeploymentPostprocessing = 0;
		};
/* End PBXFrameworksBuildPhase section */

/* Begin PBXGroup section */
		9D8557DD2BD9002A00417D45 = {
			isa = PBXGroup;
			children = (
				9D8557E82BD9002A00417D45 /* CustomFontDemo */,
				9D8557E72BD9002A00417D45 /* Products */,
			);
			sourceTree = "<group>";
		};
		9D8557E72BD9002A00417D45 /* Products */ = {
			isa = PBXGroup;
			children = (
				9D8557E62BD9002A00417D45 /* CustomFontDemo.app */,
			);
			name = Products;
			sourceTree = "<group>";
		};
		9D8557E82BD9002A00417D45 /* CustomFontDemo */ = {
			isa = PBXGroup;
			children = (
				9D8557FA2BD900A200417D45 /* Info.plist */,
				9D8557E92BD9002A00417D45 /* CustomFontDemoApp.swift */,
				9D8557EB2BD9002A00417D45 /* ContentView.swift */,
				9D85580E2BD93B6A00417D45 /* DetailsView.swift */,
				9D8558092BD9090E00417D45 /* Fonds.swift */,
				9D8558122BD94BF900417D45 /* Theme.swift */,
				9D85580B2BD937F500417D45 /* Styles */,
				9D8557F72BD9003E00417D45 /* Fonds */,
				9D8557ED2BD9002D00417D45 /* Assets.xcassets */,
				9D8557EF2BD9002D00417D45 /* Preview Content */,
				9D8558162BDA825B00417D45 /* myView.swift */,
			);
			path = CustomFontDemo;
			sourceTree = "<group>";
		};
		9D8557EF2BD9002D00417D45 /* Preview Content */ = {
			isa = PBXGroup;
			children = (
				9D8557F02BD9002D00417D45 /* Preview Assets.xcassets */,
			);
			path = "Preview Content";
			sourceTree = "<group>";
		};
		9D8557F72BD9003E00417D45 /* Fonds */ = {
			isa = PBXGroup;
			children = (
				9D8558072BD9084E00417D45 /* Optima */,
				9D8557FF2BD9074900417D45 /* Savoye LET */,
				9D8557FB2BD905D600417D45 /* Papyrus */,
			);
			path = Fonds;
			sourceTree = "<group>";
		};
		9D8557FB2BD905D600417D45 /* Papyrus */ = {
			isa = PBXGroup;
			children = (
				9D8557FC2BD905DD00417D45 /* Papyrus.ttc */,
			);
			path = Papyrus;
			sourceTree = "<group>";
		};
		9D8557FF2BD9074900417D45 /* Savoye LET */ = {
			isa = PBXGroup;
			children = (
				9D8558002BD9075000417D45 /* Savoye LET.ttc */,
			);
			path = "Savoye LET";
			sourceTree = "<group>";
		};
		9D8558072BD9084E00417D45 /* Optima */ = {
			isa = PBXGroup;
			children = (
				9D8558082BD9085300417D45 /* Optima.ttc */,
			);
			path = Optima;
			sourceTree = "<group>";
		};
		9D85580B2BD937F500417D45 /* Styles */ = {
			isa = PBXGroup;
			children = (
				9D85580C2BD9381100417D45 /* TextStyle.swift */,
				9D8558102BD947D700417D45 /* PrimaryButtonStyle.swift */,
				9D8558142BDA7B1200417D45 /* TextFieldStyle.swift */,
			);
			path = Styles;
			sourceTree = "<group>";
		};
/* End PBXGroup section */

/* Begin PBXNativeTarget section */
		9D8557E52BD9002A00417D45 /* CustomFontDemo */ = {
			isa = PBXNativeTarget;
			buildConfigurationList = 9D8557F42BD9002D00417D45 /* Build configuration list for PBXNativeTarget "CustomFontDemo" */;
			buildPhases = (
				9D8557E22BD9002A00417D45 /* Sources */,
				9D8557E32BD9002A00417D45 /* Frameworks */,
				9D8557E42BD9002A00417D45 /* Resources */,
			);
			buildRules = (
			);
			dependencies = (
			);
			name = CustomFontDemo;
			productName = CustomFontDemo;
			productReference = 9D8557E62BD9002A00417D45 /* CustomFontDemo.app */;
			productType = "com.apple.product-type.application";
		};
/* End PBXNativeTarget section */

/* Begin PBXProject section */
		9D8557DE2BD9002A00417D45 /* Project object */ = {
			isa = PBXProject;
			attributes = {
				BuildIndependentTargetsInParallel = 1;
				LastSwiftUpdateCheck = 1500;
				LastUpgradeCheck = 1500;
				TargetAttributes = {
					9D8557E52BD9002A00417D45 = {
						CreatedOnToolsVersion = 15.0.1;
					};
				};
			};
			buildConfigurationList = 9D8557E12BD9002A00417D45 /* Build configuration list for PBXProject "CustomFontDemo" */;
			compatibilityVersion = "Xcode 14.0";
			developmentRegion = en;
			hasScannedForEncodings = 0;
			knownRegions = (
				en,
				Base,
			);
			mainGroup = 9D8557DD2BD9002A00417D45;
			productRefGroup = 9D8557E72BD9002A00417D45 /* Products */;
			projectDirPath = "";
			projectRoot = "";
			targets = (
				9D8557E52BD9002A00417D45 /* CustomFontDemo */,
			);
		};
/* End PBXProject section */

/* Begin PBXResourcesBuildPhase section */
		9D8557E42BD9002A00417D45 /* Resources */ = {
			isa = PBXResourcesBuildPhase;
			buildActionMask = 2147483647;
			files = (
				9D8557F12BD9002D00417D45 /* Preview Assets.xcassets in Resources */,
				9D8557EE2BD9002D00417D45 /* Assets.xcassets in Resources */,
			);
			runOnlyForDeploymentPostprocessing = 0;
		};
/* End PBXResourcesBuildPhase section */

/* Begin PBXSourcesBuildPhase section */
		9D8557E22BD9002A00417D45 /* Sources */ = {
			isa = PBXSourcesBuildPhase;
			buildActionMask = 2147483647;
			files = (
				9D8558112BD947D700417D45 /* PrimaryButtonStyle.swift in Sources */,
				9D8558152BDA7B1200417D45 /* TextFieldStyle.swift in Sources */,
				9D85580A2BD9090E00417D45 /* Fonds.swift in Sources */,
				9D85580F2BD93B6A00417D45 /* DetailsView.swift in Sources */,
				9D85580D2BD9381100417D45 /* TextStyle.swift in Sources */,
				9D8557EC2BD9002A00417D45 /* ContentView.swift in Sources */,
				9D8557EA2BD9002A00417D45 /* CustomFontDemoApp.swift in Sources */,
				9D8558172BDA825B00417D45 /* myView.swift in Sources */,
				9D8558132BD94BF900417D45 /* Theme.swift in Sources */,
			);
			runOnlyForDeploymentPostprocessing = 0;
		};
/* End PBXSourcesBuildPhase section */

/* Begin XCBuildConfiguration section */
		9D8557F22BD9002D00417D45 /* Debug */ = {
			isa = XCBuildConfiguration;
			buildSettings = {
				ALWAYS_SEARCH_USER_PATHS = NO;
				ASSETCATALOG_COMPILER_GENERATE_SWIFT_ASSET_SYMBOL_EXTENSIONS = YES;
				CLANG_ANALYZER_NONNULL = YES;
				CLANG_ANALYZER_NUMBER_OBJECT_CONVERSION = YES_AGGRESSIVE;
				CLANG_CXX_LANGUAGE_STANDARD = "gnu++20";
				CLANG_ENABLE_MODULES = YES;
				CLANG_ENABLE_OBJC_ARC = YES;
				CLANG_ENABLE_OBJC_WEAK = YES;
				CLANG_WARN_BLOCK_CAPTURE_AUTORELEASING = YES;
				CLANG_WARN_BOOL_CONVERSION = YES;
				CLANG_WARN_COMMA = YES;
				CLANG_WARN_CONSTANT_CONVERSION = YES;
				CLANG_WARN_DEPRECATED_OBJC_IMPLEMENTATIONS = YES;
				CLANG_WARN_DIRECT_OBJC_ISA_USAGE = YES_ERROR;
				CLANG_WARN_DOCUMENTATION_COMMENTS = YES;
				CLANG_WARN_EMPTY_BODY = YES;
				CLANG_WARN_ENUM_CONVERSION = YES;
				CLANG_WARN_INFINITE_RECURSION = YES;
				CLANG_WARN_INT_CONVERSION = YES;
				CLANG_WARN_NON_LITERAL_NULL_CONVERSION = YES;
				CLANG_WARN_OBJC_IMPLICIT_RETAIN_SELF = YES;
				CLANG_WARN_OBJC_LITERAL_CONVERSION = YES;
				CLANG_WARN_OBJC_ROOT_CLASS = YES_ERROR;
				CLANG_WARN_QUOTED_INCLUDE_IN_FRAMEWORK_HEADER = YES;
				CLANG_WARN_RANGE_LOOP_ANALYSIS = YES;
				CLANG_WARN_STRICT_PROTOTYPES = YES;
				CLANG_WARN_SUSPICIOUS_MOVE = YES;
				CLANG_WARN_UNGUARDED_AVAILABILITY = YES_AGGRESSIVE;
				CLANG_WARN_UNREACHABLE_CODE = YES;
				CLANG_WARN__DUPLICATE_METHOD_MATCH = YES;
				COPY_PHASE_STRIP = NO;
				DEBUG_INFORMATION_FORMAT = dwarf;
				ENABLE_STRICT_OBJC_MSGSEND = YES;
				ENABLE_TESTABILITY = YES;
				ENABLE_USER_SCRIPT_SANDBOXING = YES;
				GCC_C_LANGUAGE_STANDARD = gnu17;
				GCC_DYNAMIC_NO_PIC = NO;
				GCC_NO_COMMON_BLOCKS = YES;
				GCC_OPTIMIZATION_LEVEL = 0;
				GCC_PREPROCESSOR_DEFINITIONS = (
					"DEBUG=1",
					"$(inherited)",
				);
				GCC_WARN_64_TO_32_BIT_CONVERSION = YES;
				GCC_WARN_ABOUT_RETURN_TYPE = YES_ERROR;
				GCC_WARN_UNDECLARED_SELECTOR = YES;
				GCC_WARN_UNINITIALIZED_AUTOS = YES_AGGRESSIVE;
				GCC_WARN_UNUSED_FUNCTION = YES;
				GCC_WARN_UNUSED_VARIABLE = YES;
				IPHONEOS_DEPLOYMENT_TARGET = 17.0;
				LOCALIZATION_PREFERS_STRING_CATALOGS = YES;
				MTL_ENABLE_DEBUG_INFO = INCLUDE_SOURCE;
				MTL_FAST_MATH = YES;
				ONLY_ACTIVE_ARCH = YES;
				SDKROOT = iphoneos;
				SWIFT_ACTIVE_COMPILATION_CONDITIONS = "DEBUG $(inherited)";
				SWIFT_OPTIMIZATION_LEVEL = "-Onone";
			};
			name = Debug;
		};
		9D8557F32BD9002D00417D45 /* Release */ = {
			isa = XCBuildConfiguration;
			buildSettings = {
				ALWAYS_SEARCH_USER_PATHS = NO;
				ASSETCATALOG_COMPILER_GENERATE_SWIFT_ASSET_SYMBOL_EXTENSIONS = YES;
				CLANG_ANALYZER_NONNULL = YES;
				CLANG_ANALYZER_NUMBER_OBJECT_CONVERSION = YES_AGGRESSIVE;
				CLANG_CXX_LANGUAGE_STANDARD = "gnu++20";
				CLANG_ENABLE_MODULES = YES;
				CLANG_ENABLE_OBJC_ARC = YES;
				CLANG_ENABLE_OBJC_WEAK = YES;
				CLANG_WARN_BLOCK_CAPTURE_AUTORELEASING = YES;
				CLANG_WARN_BOOL_CONVERSION = YES;
				CLANG_WARN_COMMA = YES;
				CLANG_WARN_CONSTANT_CONVERSION = YES;
				CLANG_WARN_DEPRECATED_OBJC_IMPLEMENTATIONS = YES;
				CLANG_WARN_DIRECT_OBJC_ISA_USAGE = YES_ERROR;
				CLANG_WARN_DOCUMENTATION_COMMENTS = YES;
				CLANG_WARN_EMPTY_BODY = YES;
				CLANG_WARN_ENUM_CONVERSION = YES;
				CLANG_WARN_INFINITE_RECURSION = YES;
				CLANG_WARN_INT_CONVERSION = YES;
				CLANG_WARN_NON_LITERAL_NULL_CONVERSION = YES;
				CLANG_WARN_OBJC_IMPLICIT_RETAIN_SELF = YES;
				CLANG_WARN_OBJC_LITERAL_CONVERSION = YES;
				CLANG_WARN_OBJC_ROOT_CLASS = YES_ERROR;
				CLANG_WARN_QUOTED_INCLUDE_IN_FRAMEWORK_HEADER = YES;
				CLANG_WARN_RANGE_LOOP_ANALYSIS = YES;
				CLANG_WARN_STRICT_PROTOTYPES = YES;
				CLANG_WARN_SUSPICIOUS_MOVE = YES;
				CLANG_WARN_UNGUARDED_AVAILABILITY = YES_AGGRESSIVE;
				CLANG_WARN_UNREACHABLE_CODE = YES;
				CLANG_WARN__DUPLICATE_METHOD_MATCH = YES;
				COPY_PHASE_STRIP = NO;
				DEBUG_INFORMATION_FORMAT = "dwarf-with-dsym";
				ENABLE_NS_ASSERTIONS = NO;
				ENABLE_STRICT_OBJC_MSGSEND = YES;
				ENABLE_USER_SCRIPT_SANDBOXING = YES;
				GCC_C_LANGUAGE_STANDARD = gnu17;
				GCC_NO_COMMON_BLOCKS = YES;
				GCC_WARN_64_TO_32_BIT_CONVERSION = YES;
				GCC_WARN_ABOUT_RETURN_TYPE = YES_ERROR;
				GCC_WARN_UNDECLARED_SELECTOR = YES;
				GCC_WARN_UNINITIALIZED_AUTOS = YES_AGGRESSIVE;
				GCC_WARN_UNUSED_FUNCTION = YES;
				GCC_WARN_UNUSED_VARIABLE = YES;
				IPHONEOS_DEPLOYMENT_TARGET = 17.0;
				LOCALIZATION_PREFERS_STRING_CATALOGS = YES;
				MTL_ENABLE_DEBUG_INFO = NO;
				MTL_FAST_MATH = YES;
				SDKROOT = iphoneos;
				SWIFT_COMPILATION_MODE = wholemodule;
				VALIDATE_PRODUCT = YES;
			};
			name = Release;
		};
		9D8557F52BD9002D00417D45 /* Debug */ = {
			isa = XCBuildConfiguration;
			buildSettings = {
				ASSETCATALOG_COMPILER_APPICON_NAME = AppIcon;
				ASSETCATALOG_COMPILER_GLOBAL_ACCENT_COLOR_NAME = AccentColor;
				CODE_SIGN_STYLE = Automatic;
				CURRENT_PROJECT_VERSION = 1;
				DEVELOPMENT_ASSET_PATHS = "\"CustomFontDemo/Preview Content\"";
				DEVELOPMENT_TEAM = 6JV3FFU9KJ;
				ENABLE_PREVIEWS = YES;
				GENERATE_INFOPLIST_FILE = YES;
				INFOPLIST_FILE = CustomFontDemo/Info.plist;
				INFOPLIST_KEY_UIApplicationSceneManifest_Generation = YES;
				INFOPLIST_KEY_UIApplicationSupportsIndirectInputEvents = YES;
				INFOPLIST_KEY_UILaunchScreen_Generation = YES;
				INFOPLIST_KEY_UISupportedInterfaceOrientations_iPad = "UIInterfaceOrientationPortrait UIInterfaceOrientationPortraitUpsideDown UIInterfaceOrientationLandscapeLeft UIInterfaceOrientationLandscapeRight";
				INFOPLIST_KEY_UISupportedInterfaceOrientations_iPhone = "UIInterfaceOrientationPortrait UIInterfaceOrientationLandscapeLeft UIInterfaceOrientationLandscapeRight";
				LD_RUNPATH_SEARCH_PATHS = (
					"$(inherited)",
					"@executable_path/Frameworks",
				);
				MARKETING_VERSION = 1.0;
				PRODUCT_BUNDLE_IDENTIFIER = com.mihai.constantin.CustomFontDemo;
				PRODUCT_NAME = "$(TARGET_NAME)";
				SWIFT_EMIT_LOC_STRINGS = YES;
				SWIFT_VERSION = 5.0;
				TARGETED_DEVICE_FAMILY = "1,2";
			};
			name = Debug;
		};
		9D8557F62BD9002D00417D45 /* Release */ = {
			isa = XCBuildConfiguration;
			buildSettings = {
				ASSETCATALOG_COMPILER_APPICON_NAME = AppIcon;
				ASSETCATALOG_COMPILER_GLOBAL_ACCENT_COLOR_NAME = AccentColor;
				CODE_SIGN_STYLE = Automatic;
				CURRENT_PROJECT_VERSION = 1;
				DEVELOPMENT_ASSET_PATHS = "\"CustomFontDemo/Preview Content\"";
				DEVELOPMENT_TEAM = 6JV3FFU9KJ;
				ENABLE_PREVIEWS = YES;
				GENERATE_INFOPLIST_FILE = YES;
				INFOPLIST_FILE = CustomFontDemo/Info.plist;
				INFOPLIST_KEY_UIApplicationSceneManifest_Generation = YES;
				INFOPLIST_KEY_UIApplicationSupportsIndirectInputEvents = YES;
				INFOPLIST_KEY_UILaunchScreen_Generation = YES;
				INFOPLIST_KEY_UISupportedInterfaceOrientations_iPad = "UIInterfaceOrientationPortrait UIInterfaceOrientationPortraitUpsideDown UIInterfaceOrientationLandscapeLeft UIInterfaceOrientationLandscapeRight";
				INFOPLIST_KEY_UISupportedInterfaceOrientations_iPhone = "UIInterfaceOrientationPortrait UIInterfaceOrientationLandscapeLeft UIInterfaceOrientationLandscapeRight";
				LD_RUNPATH_SEARCH_PATHS = (
					"$(inherited)",
					"@executable_path/Frameworks",
				);
				MARKETING_VERSION = 1.0;
				PRODUCT_BUNDLE_IDENTIFIER = com.mihai.constantin.CustomFontDemo;
				PRODUCT_NAME = "$(TARGET_NAME)";
				SWIFT_EMIT_LOC_STRINGS = YES;
				SWIFT_VERSION = 5.0;
				TARGETED_DEVICE_FAMILY = "1,2";
			};
			name = Release;
		};
/* End XCBuildConfiguration section */

/* Begin XCConfigurationList section */
		9D8557E12BD9002A00417D45 /* Build configuration list for PBXProject "CustomFontDemo" */ = {
			isa = XCConfigurationList;
			buildConfigurations = (
				9D8557F22BD9002D00417D45 /* Debug */,
				9D8557F32BD9002D00417D45 /* Release */,
			);
			defaultConfigurationIsVisible = 0;
			defaultConfigurationName = Release;
		};
		9D8557F42BD9002D00417D45 /* Build configuration list for PBXNativeTarget "CustomFontDemo" */ = {
			isa = XCConfigurationList;
			buildConfigurations = (
				9D8557F52BD9002D00417D45 /* Debug */,
				9D8557F62BD9002D00417D45 /* Release */,
			);
			defaultConfigurationIsVisible = 0;
			defaultConfigurationName = Release;
		};
/* End XCConfigurationList section */
	};
	rootObject = 9D8557DE2BD9002A00417D45 /* Project object */;
}
